
Microsoft Visual Studio Solution File, Format Version 12.00
# Visual Studio Version 17
VisualStudioVersion = 17.11.35327.3
MinimumVisualStudioVersion = 10.0.40219.1
Project("{9A19103F-16F7-4668-BE54-9A1E7A4F7556}") = "OOP", "OOP\OOP.csproj", "{A8258382-6EF8-48AE-8C10-DEA3354AA45B}"
EndProject
Project("{9A19103F-16F7-4668-BE54-9A1E7A4F7556}") = "FirstClass", "FirstClass\FirstClass.csproj", "{5D24E8B6-A29C-4FB7-BDB5-68695A41F2CA}"
EndProject
Project("{9A19103F-16F7-4668-BE54-9A1E7A4F7556}") = "Constructor", "Constructor\Constructor.csproj", "{1762FEC2-0D93-4FE9-B293-62A108BF9C2A}"
EndProject
Project("{9A19103F-16F7-4668-BE54-9A1E7A4F7556}") = "StaticMethods", "StaticMethods\StaticMethods.csproj", "{0996B488-28A7-4B5A-8FB1-D8D00E070B8B}"
EndProject
Project("{9A19103F-16F7-4668-BE54-9A1E7A4F7556}") = "PatikaKutuphane", "PatikaKutuphane\PatikaKutuphane.csproj", "{2833A4A5-8E95-44EF-BA5A-9B695076A3BB}"
EndProject
Project("{9A19103F-16F7-4668-BE54-9A1E7A4F7556}") = "Encapsulation", "Encapsulation\Encapsulation.csproj", "{06D372E5-32DA-41C9-95B5-AB5528151DCD}"
EndProject
Project("{9A19103F-16F7-4668-BE54-9A1E7A4F7556}") = "Inheritance", "Inheritance\Inheritance.csproj", "{74DD809D-04E5-46AE-BEFE-8CAD9DF6B752}"
EndProject
Project("{9A19103F-16F7-4668-BE54-9A1E7A4F7556}") = "InheritancePractise", "InheritancePractise\InheritancePractise.csproj", "{C0996B52-3095-41A8-BC21-80FC8A1AF43B}"
EndProject
Project("{FAE04EC0-301F-11D3-BF4B-00C04F79EFBC}") = "Polymorphism", "Polymorphism\Polymorphism.csproj", "{265893AC-4DD0-41CA-8BDF-6531598D5F12}"
EndProject
Project("{FAE04EC0-301F-11D3-BF4B-00C04F79EFBC}") = "PolymorphismPractise", "PolymorphismPractise\PolymorphismPractise.csproj", "{40DEBFFB-7370-4390-A1B7-205822FAD86D}"
EndProject
Global
	GlobalSection(SolutionConfigurationPlatforms) = preSolution
		Debug|Any CPU = Debug|Any CPU
		Release|Any CPU = Release|Any CPU
	EndGlobalSection
	GlobalSection(ProjectConfigurationPlatforms) = postSolution
		{A8258382-6EF8-48AE-8C10-DEA3354AA45B}.Debug|Any CPU.ActiveCfg = Debug|Any CPU
		{A8258382-6EF8-48AE-8C10-DEA3354AA45B}.Debug|Any CPU.Build.0 = Debug|Any CPU
		{A8258382-6EF8-48AE-8C10-DEA3354AA45B}.Release|Any CPU.ActiveCfg = Release|Any CPU
		{A8258382-6EF8-48AE-8C10-DEA3354AA45B}.Release|Any CPU.Build.0 = Release|Any CPU
		{5D24E8B6-A29C-4FB7-BDB5-68695A41F2CA}.Debug|Any CPU.ActiveCfg = Debug|Any CPU
		{5D24E8B6-A29C-4FB7-BDB5-68695A41F2CA}.Debug|Any CPU.Build.0 = Debug|Any CPU
		{5D24E8B6-A29C-4FB7-BDB5-68695A41F2CA}.Release|Any CPU.ActiveCfg = Release|Any CPU
		{5D24E8B6-A29C-4FB7-BDB5-68695A41F2CA}.Release|Any CPU.Build.0 = Release|Any CPU
		{1762FEC2-0D93-4FE9-B293-62A108BF9C2A}.Debug|Any CPU.ActiveCfg = Debug|Any CPU
		{1762FEC2-0D93-4FE9-B293-62A108BF9C2A}.Debug|Any CPU.Build.0 = Debug|Any CPU
		{1762FEC2-0D93-4FE9-B293-62A108BF9C2A}.Release|Any CPU.ActiveCfg = Release|Any CPU
		{1762FEC2-0D93-4FE9-B293-62A108BF9C2A}.Release|Any CPU.Build.0 = Release|Any CPU
		{0996B488-28A7-4B5A-8FB1-D8D00E070B8B}.Debug|Any CPU.ActiveCfg = Debug|Any CPU
		{0996B488-28A7-4B5A-8FB1-D8D00E070B8B}.Debug|Any CPU.Build.0 = Debug|Any CPU
		{0996B488-28A7-4B5A-8FB1-D8D00E070B8B}.Release|Any CPU.ActiveCfg = Release|Any CPU
		{0996B488-28A7-4B5A-8FB1-D8D00E070B8B}.Release|Any CPU.Build.0 = Release|Any CPU
		{2833A4A5-8E95-44EF-BA5A-9B695076A3BB}.Debug|Any CPU.ActiveCfg = Debug|Any CPU
		{2833A4A5-8E95-44EF-BA5A-9B695076A3BB}.Debug|Any CPU.Build.0 = Debug|Any CPU
		{2833A4A5-8E95-44EF-BA5A-9B695076A3BB}.Release|Any CPU.ActiveCfg = Release|Any CPU
		{2833A4A5-8E95-44EF-BA5A-9B695076A3BB}.Release|Any CPU.Build.0 = Release|Any CPU
		{06D372E5-32DA-41C9-95B5-AB5528151DCD}.Debug|Any CPU.ActiveCfg = Debug|Any CPU
		{06D372E5-32DA-41C9-95B5-AB5528151DCD}.Debug|Any CPU.Build.0 = Debug|Any CPU
		{06D372E5-32DA-41C9-95B5-AB5528151DCD}.Release|Any CPU.ActiveCfg = Release|Any CPU
		{06D372E5-32DA-41C9-95B5-AB5528151DCD}.Release|Any CPU.Build.0 = Release|Any CPU
		{74DD809D-04E5-46AE-BEFE-8CAD9DF6B752}.Debug|Any CPU.ActiveCfg = Debug|Any CPU
		{74DD809D-04E5-46AE-BEFE-8CAD9DF6B752}.Debug|Any CPU.Build.0 = Debug|Any CPU
		{74DD809D-04E5-46AE-BEFE-8CAD9DF6B752}.Release|Any CPU.ActiveCfg = Release|Any CPU
		{74DD809D-04E5-46AE-BEFE-8CAD9DF6B752}.Release|Any CPU.Build.0 = Release|Any CPU
		{C0996B52-3095-41A8-BC21-80FC8A1AF43B}.Debug|Any CPU.ActiveCfg = Debug|Any CPU
		{C0996B52-3095-41A8-BC21-80FC8A1AF43B}.Debug|Any CPU.Build.0 = Debug|Any CPU
		{C0996B52-3095-41A8-BC21-80FC8A1AF43B}.Release|Any CPU.ActiveCfg = Release|Any CPU
		{C0996B52-3095-41A8-BC21-80FC8A1AF43B}.Release|Any CPU.Build.0 = Release|Any CPU
		{265893AC-4DD0-41CA-8BDF-6531598D5F12}.Debug|Any CPU.ActiveCfg = Debug|Any CPU
		{265893AC-4DD0-41CA-8BDF-6531598D5F12}.Debug|Any CPU.Build.0 = Debug|Any CPU
		{265893AC-4DD0-41CA-8BDF-6531598D5F12}.Release|Any CPU.ActiveCfg = Release|Any CPU
		{265893AC-4DD0-41CA-8BDF-6531598D5F12}.Release|Any CPU.Build.0 = Release|Any CPU
		{40DEBFFB-7370-4390-A1B7-205822FAD86D}.Debug|Any CPU.ActiveCfg = Debug|Any CPU
		{40DEBFFB-7370-4390-A1B7-205822FAD86D}.Debug|Any CPU.Build.0 = Debug|Any CPU
		{40DEBFFB-7370-4390-A1B7-205822FAD86D}.Release|Any CPU.ActiveCfg = Release|Any CPU
		{40DEBFFB-7370-4390-A1B7-205822FAD86D}.Release|Any CPU.Build.0 = Release|Any CPU
	EndGlobalSection
	GlobalSection(SolutionProperties) = preSolution
		HideSolutionNode = FALSE
	EndGlobalSection
	GlobalSection(ExtensibilityGlobals) = postSolution
		SolutionGuid = {183FB15D-22F2-4B18-AC3D-54CA53344E3D}
	EndGlobalSection
EndGlobal
